
Microsoft Visual Studio Solution File, Format Version 12.00
# Visual Studio Version 17
VisualStudioVersion = 17.1.32228.430
MinimumVisualStudioVersion = 10.0.40219.1
Project("{FAE04EC0-301F-11D3-BF4B-00C04F79EFBC}") = "Task2_BlackJack", "Task2_BlackJack\Task2_BlackJack.csproj", "{F05676AB-DD32-423C-9AA1-6DE3155915B2}"
EndProject
Project("{FAE04EC0-301F-11D3-BF4B-00C04F79EFBC}") = "Task1_Even", "Task1_Even\Task1_Even.csproj", "{2452DD42-E091-40E1-9089-FF89279D440F}"
EndProject
Project("{FAE04EC0-301F-11D3-BF4B-00C04F79EFBC}") = "Task3_Prime", "Task3_Prime\Task3_Prime.csproj", "{2DA1C583-7FDB-486E-AED4-4996133F37AD}"
EndProject
Project("{FAE04EC0-301F-11D3-BF4B-00C04F79EFBC}") = "Task4_Minimum", "Task4_Minimum\Task4_Minimum.csproj", "{4BED487C-2C81-4CB9-803E-116F1D5BDFDC}"
EndProject
Project("{FAE04EC0-301F-11D3-BF4B-00C04F79EFBC}") = "Task5_Guess", "Task5_Guess\Task5_Guess.csproj", "{9863B688-802A-461F-97DF-82E9A95CB9D6}"
EndProject
Global
	GlobalSection(SolutionConfigurationPlatforms) = preSolution
		Debug|Any CPU = Debug|Any CPU
		Release|Any CPU = Release|Any CPU
	EndGlobalSection
	GlobalSection(ProjectConfigurationPlatforms) = postSolution
		{F05676AB-DD32-423C-9AA1-6DE3155915B2}.Debug|Any CPU.ActiveCfg = Debug|Any CPU
		{F05676AB-DD32-423C-9AA1-6DE3155915B2}.Debug|Any CPU.Build.0 = Debug|Any CPU
		{F05676AB-DD32-423C-9AA1-6DE3155915B2}.Release|Any CPU.ActiveCfg = Release|Any CPU
		{F05676AB-DD32-423C-9AA1-6DE3155915B2}.Release|Any CPU.Build.0 = Release|Any CPU
		{2452DD42-E091-40E1-9089-FF89279D440F}.Debug|Any CPU.ActiveCfg = Debug|Any CPU
		{2452DD42-E091-40E1-9089-FF89279D440F}.Debug|Any CPU.Build.0 = Debug|Any CPU
		{2452DD42-E091-40E1-9089-FF89279D440F}.Release|Any CPU.ActiveCfg = Release|Any CPU
		{2452DD42-E091-40E1-9089-FF89279D440F}.Release|Any CPU.Build.0 = Release|Any CPU
		{2DA1C583-7FDB-486E-AED4-4996133F37AD}.Debug|Any CPU.ActiveCfg = Debug|Any CPU
		{2DA1C583-7FDB-486E-AED4-4996133F37AD}.Debug|Any CPU.Build.0 = Debug|Any CPU
		{2DA1C583-7FDB-486E-AED4-4996133F37AD}.Release|Any CPU.ActiveCfg = Release|Any CPU
		{2DA1C583-7FDB-486E-AED4-4996133F37AD}.Release|Any CPU.Build.0 = Release|Any CPU
		{4BED487C-2C81-4CB9-803E-116F1D5BDFDC}.Debug|Any CPU.ActiveCfg = Debug|Any CPU
		{4BED487C-2C81-4CB9-803E-116F1D5BDFDC}.Debug|Any CPU.Build.0 = Debug|Any CPU
		{4BED487C-2C81-4CB9-803E-116F1D5BDFDC}.Release|Any CPU.ActiveCfg = Release|Any CPU
		{4BED487C-2C81-4CB9-803E-116F1D5BDFDC}.Release|Any CPU.Build.0 = Release|Any CPU
		{9863B688-802A-461F-97DF-82E9A95CB9D6}.Debug|Any CPU.ActiveCfg = Debug|Any CPU
		{9863B688-802A-461F-97DF-82E9A95CB9D6}.Debug|Any CPU.Build.0 = Debug|Any CPU
		{9863B688-802A-461F-97DF-82E9A95CB9D6}.Release|Any CPU.ActiveCfg = Release|Any CPU
		{9863B688-802A-461F-97DF-82E9A95CB9D6}.Release|Any CPU.Build.0 = Release|Any CPU
	EndGlobalSection
	GlobalSection(SolutionProperties) = preSolution
		HideSolutionNode = FALSE
	EndGlobalSection
	GlobalSection(ExtensibilityGlobals) = postSolution
		SolutionGuid = {C3F1C79D-5B2D-4BEA-8293-391853B0AA45}
	EndGlobalSection
EndGlobal
