
Microsoft Visual Studio Solution File, Format Version 12.00
# Visual Studio Version 17
VisualStudioVersion = 17.1.32228.430
MinimumVisualStudioVersion = 10.0.40219.1
Project("{9A19103F-16F7-4668-BE54-9A1E7A4F7556}") = "Task1", "C_SharpDev_MOD3_HW\Task1.csproj", "{010DFA4C-1268-4E9C-9C1D-BDC28D87F459}"
EndProject
Project("{FAE04EC0-301F-11D3-BF4B-00C04F79EFBC}") = "Task2", "Task2\Task2.csproj", "{4704D4A9-CB6C-4D1D-B76B-056D87200552}"
EndProject
Project("{FAE04EC0-301F-11D3-BF4B-00C04F79EFBC}") = "Task3", "Task3\Task3.csproj", "{1178C32B-BA56-41F7-A5A1-1D5AFE1C88D7}"
EndProject
Project("{FAE04EC0-301F-11D3-BF4B-00C04F79EFBC}") = "Task4", "Task4\Task4.csproj", "{53162031-0379-4ADE-A081-2A156B8D1B4D}"
EndProject
Project("{FAE04EC0-301F-11D3-BF4B-00C04F79EFBC}") = "Task5", "Task5\Task5.csproj", "{39ED7543-55E1-4DAE-8D6D-0E655C9CE598}"
EndProject
Global
	GlobalSection(SolutionConfigurationPlatforms) = preSolution
		Debug|Any CPU = Debug|Any CPU
		Release|Any CPU = Release|Any CPU
	EndGlobalSection
	GlobalSection(ProjectConfigurationPlatforms) = postSolution
		{010DFA4C-1268-4E9C-9C1D-BDC28D87F459}.Debug|Any CPU.ActiveCfg = Debug|Any CPU
		{010DFA4C-1268-4E9C-9C1D-BDC28D87F459}.Debug|Any CPU.Build.0 = Debug|Any CPU
		{010DFA4C-1268-4E9C-9C1D-BDC28D87F459}.Release|Any CPU.ActiveCfg = Release|Any CPU
		{010DFA4C-1268-4E9C-9C1D-BDC28D87F459}.Release|Any CPU.Build.0 = Release|Any CPU
		{4704D4A9-CB6C-4D1D-B76B-056D87200552}.Debug|Any CPU.ActiveCfg = Debug|Any CPU
		{4704D4A9-CB6C-4D1D-B76B-056D87200552}.Debug|Any CPU.Build.0 = Debug|Any CPU
		{4704D4A9-CB6C-4D1D-B76B-056D87200552}.Release|Any CPU.ActiveCfg = Release|Any CPU
		{4704D4A9-CB6C-4D1D-B76B-056D87200552}.Release|Any CPU.Build.0 = Release|Any CPU
		{1178C32B-BA56-41F7-A5A1-1D5AFE1C88D7}.Debug|Any CPU.ActiveCfg = Debug|Any CPU
		{1178C32B-BA56-41F7-A5A1-1D5AFE1C88D7}.Debug|Any CPU.Build.0 = Debug|Any CPU
		{1178C32B-BA56-41F7-A5A1-1D5AFE1C88D7}.Release|Any CPU.ActiveCfg = Release|Any CPU
		{1178C32B-BA56-41F7-A5A1-1D5AFE1C88D7}.Release|Any CPU.Build.0 = Release|Any CPU
		{53162031-0379-4ADE-A081-2A156B8D1B4D}.Debug|Any CPU.ActiveCfg = Debug|Any CPU
		{53162031-0379-4ADE-A081-2A156B8D1B4D}.Debug|Any CPU.Build.0 = Debug|Any CPU
		{53162031-0379-4ADE-A081-2A156B8D1B4D}.Release|Any CPU.ActiveCfg = Release|Any CPU
		{53162031-0379-4ADE-A081-2A156B8D1B4D}.Release|Any CPU.Build.0 = Release|Any CPU
		{39ED7543-55E1-4DAE-8D6D-0E655C9CE598}.Debug|Any CPU.ActiveCfg = Debug|Any CPU
		{39ED7543-55E1-4DAE-8D6D-0E655C9CE598}.Debug|Any CPU.Build.0 = Debug|Any CPU
		{39ED7543-55E1-4DAE-8D6D-0E655C9CE598}.Release|Any CPU.ActiveCfg = Release|Any CPU
		{39ED7543-55E1-4DAE-8D6D-0E655C9CE598}.Release|Any CPU.Build.0 = Release|Any CPU
	EndGlobalSection
	GlobalSection(SolutionProperties) = preSolution
		HideSolutionNode = FALSE
	EndGlobalSection
	GlobalSection(ExtensibilityGlobals) = postSolution
		SolutionGuid = {0F346D90-0887-4AD1-A539-B8A804A2C0D5}
	EndGlobalSection
EndGlobal
